
Microsoft Visual Studio Solution File, Format Version 12.00
# Visual Studio Version 17
VisualStudioVersion = 17.0.31903.59
MinimumVisualStudioVersion = 10.0.40219.1
Project("{2150E333-8FDC-42A3-9474-1A3956D46DE8}") = "src", "src", "{A1B2C3D4-E5F6-7890-ABCD-EF1234567890}"
EndProject
Project("{2150E333-8FDC-42A3-9474-1A3956D46DE8}") = "tests", "tests", "{B2C3D4E5-F6A7-8901-BCDE-F12345678901}"
EndProject
Project("{2150E333-8FDC-42A3-9474-1A3956D46DE8}") = "samples", "samples", "{D1E2F3A4-B5C6-7890-1234-ABCDEFABCDEF}"
EndProject
Project("{FAE04EC0-301F-11D3-BF4B-00C04F79EFBC}") = "BoomHud.Abstractions", "src\BoomHud.Abstractions\BoomHud.Abstractions.csproj", "{C3D4E5F6-A7B8-9012-CDEF-123456789012}"
EndProject
Project("{FAE04EC0-301F-11D3-BF4B-00C04F79EFBC}") = "BoomHud.Dsl", "src\BoomHud.Dsl\BoomHud.Dsl.csproj", "{D4E5F6A7-B8C9-0123-DEF1-234567890123}"
EndProject
Project("{FAE04EC0-301F-11D3-BF4B-00C04F79EFBC}") = "BoomHud.Generators", "src\BoomHud.Generators\BoomHud.Generators.csproj", "{E5F6A7B8-C9D0-1234-EF12-345678901234}"
EndProject
Project("{FAE04EC0-301F-11D3-BF4B-00C04F79EFBC}") = "BoomHud.Gen.TerminalGui", "src\BoomHud.Gen.TerminalGui\BoomHud.Gen.TerminalGui.csproj", "{F6A7B8C9-D0E1-2345-F123-456789012345}"
EndProject
Project("{FAE04EC0-301F-11D3-BF4B-00C04F79EFBC}") = "BoomHud.Gen.Avalonia", "src\BoomHud.Gen.Avalonia\BoomHud.Gen.Avalonia.csproj", "{A7B8C9D0-E1F2-3456-0123-567890123456}"
EndProject
Project("{FAE04EC0-301F-11D3-BF4B-00C04F79EFBC}") = "BoomHud.Cli", "src\BoomHud.Cli\BoomHud.Cli.csproj", "{B8C9D0E1-F2A3-4567-1234-678901234567}"
EndProject
Project("{FAE04EC0-301F-11D3-BF4B-00C04F79EFBC}") = "BoomHud.Mvvm.Generators", "src\BoomHud.Mvvm.Generators\BoomHud.Mvvm.Generators.csproj", "{D0A1B2C3-4D5E-6789-ABCD-0123456789AB}"
EndProject
Project("{FAE04EC0-301F-11D3-BF4B-00C04F79EFBC}") = "BoomHud.Tests.Unit", "tests\BoomHud.Tests.Unit\BoomHud.Tests.Unit.csproj", "{C9D0E1F2-A3B4-5678-2345-789012345678}"
EndProject
Project("{FAE04EC0-301F-11D3-BF4B-00C04F79EFBC}") = "BoomHud.Sample.Generation", "..\samples\dotnet\BoomHud.Sample.Generation\BoomHud.Sample.Generation.csproj", "{E1F2A3B4-C5D6-7890-2345-BCDEFABCDEFA}"
EndProject
Project("{FAE04EC0-301F-11D3-BF4B-00C04F79EFBC}") = "BoomHud.Sample.TerminalGuiHost", "..\samples\dotnet\BoomHud.Sample.TerminalGuiHost\BoomHud.Sample.TerminalGuiHost.csproj", "{F2A3B4C5-D6E7-8901-3456-CDEFABCDEFAB}"
EndProject
Project("{FAE04EC0-301F-11D3-BF4B-00C04F79EFBC}") = "BoomHud.Sample.AvaloniaHost", "..\samples\dotnet\BoomHud.Sample.AvaloniaHost\BoomHud.Sample.AvaloniaHost.csproj", "{A3B4C5D6-E7F8-9012-4567-ABCDEF012345}"
EndProject
Project("{FAE04EC0-301F-11D3-BF4B-00C04F79EFBC}") = "BoomHud.Gen.Godot", "src\BoomHud.Gen.Godot\BoomHud.Gen.Godot.csproj", "{697C52A9-B321-41DE-BED8-EDC9A8624A8F}"
EndProject
Project("{FAE04EC0-301F-11D3-BF4B-00C04F79EFBC}") = "BoomHud.Dsl.Pencil", "src\BoomHud.Dsl.Pencil\BoomHud.Dsl.Pencil.csproj", "{414A33BA-7F13-4B94-A26E-F002A7772EF9}"
EndProject
Project("{FAE04EC0-301F-11D3-BF4B-00C04F79EFBC}") = "BoomHud.Tests.Backends", "tests\BoomHud.Tests.Backends\BoomHud.Tests.Backends.csproj", "{75CD09D1-1ED7-4C6E-BDFF-93342ED66793}"
EndProject
Project("{FAE04EC0-301F-11D3-BF4B-00C04F79EFBC}") = "BoomHud.Gen.Unity", "src\BoomHud.Gen.Unity\BoomHud.Gen.Unity.csproj", "{38AC8F52-DC4C-4849-81A3-34CC54DDDD1C}"
EndProject
Global
	GlobalSection(SolutionConfigurationPlatforms) = preSolution
		Debug|Any CPU = Debug|Any CPU
		Debug|x64 = Debug|x64
		Debug|x86 = Debug|x86
		Release|Any CPU = Release|Any CPU
		Release|x64 = Release|x64
		Release|x86 = Release|x86
	EndGlobalSection
	GlobalSection(ProjectConfigurationPlatforms) = postSolution
		{C3D4E5F6-A7B8-9012-CDEF-123456789012}.Debug|Any CPU.ActiveCfg = Debug|Any CPU
		{C3D4E5F6-A7B8-9012-CDEF-123456789012}.Debug|Any CPU.Build.0 = Debug|Any CPU
		{C3D4E5F6-A7B8-9012-CDEF-123456789012}.Debug|x64.ActiveCfg = Debug|Any CPU
		{C3D4E5F6-A7B8-9012-CDEF-123456789012}.Debug|x64.Build.0 = Debug|Any CPU
		{C3D4E5F6-A7B8-9012-CDEF-123456789012}.Debug|x86.ActiveCfg = Debug|Any CPU
		{C3D4E5F6-A7B8-9012-CDEF-123456789012}.Debug|x86.Build.0 = Debug|Any CPU
		{C3D4E5F6-A7B8-9012-CDEF-123456789012}.Release|Any CPU.ActiveCfg = Release|Any CPU
		{C3D4E5F6-A7B8-9012-CDEF-123456789012}.Release|Any CPU.Build.0 = Release|Any CPU
		{C3D4E5F6-A7B8-9012-CDEF-123456789012}.Release|x64.ActiveCfg = Release|Any CPU
		{C3D4E5F6-A7B8-9012-CDEF-123456789012}.Release|x64.Build.0 = Release|Any CPU
		{C3D4E5F6-A7B8-9012-CDEF-123456789012}.Release|x86.ActiveCfg = Release|Any CPU
		{C3D4E5F6-A7B8-9012-CDEF-123456789012}.Release|x86.Build.0 = Release|Any CPU
		{D4E5F6A7-B8C9-0123-DEF1-234567890123}.Debug|Any CPU.ActiveCfg = Debug|Any CPU
		{D4E5F6A7-B8C9-0123-DEF1-234567890123}.Debug|Any CPU.Build.0 = Debug|Any CPU
		{D4E5F6A7-B8C9-0123-DEF1-234567890123}.Debug|x64.ActiveCfg = Debug|Any CPU
		{D4E5F6A7-B8C9-0123-DEF1-234567890123}.Debug|x64.Build.0 = Debug|Any CPU
		{D4E5F6A7-B8C9-0123-DEF1-234567890123}.Debug|x86.ActiveCfg = Debug|Any CPU
		{D4E5F6A7-B8C9-0123-DEF1-234567890123}.Debug|x86.Build.0 = Debug|Any CPU
		{D4E5F6A7-B8C9-0123-DEF1-234567890123}.Release|Any CPU.ActiveCfg = Release|Any CPU
		{D4E5F6A7-B8C9-0123-DEF1-234567890123}.Release|Any CPU.Build.0 = Release|Any CPU
		{D4E5F6A7-B8C9-0123-DEF1-234567890123}.Release|x64.ActiveCfg = Release|Any CPU
		{D4E5F6A7-B8C9-0123-DEF1-234567890123}.Release|x64.Build.0 = Release|Any CPU
		{D4E5F6A7-B8C9-0123-DEF1-234567890123}.Release|x86.ActiveCfg = Release|Any CPU
		{D4E5F6A7-B8C9-0123-DEF1-234567890123}.Release|x86.Build.0 = Release|Any CPU
		{E5F6A7B8-C9D0-1234-EF12-345678901234}.Debug|Any CPU.ActiveCfg = Debug|Any CPU
		{E5F6A7B8-C9D0-1234-EF12-345678901234}.Debug|Any CPU.Build.0 = Debug|Any CPU
		{E5F6A7B8-C9D0-1234-EF12-345678901234}.Debug|x64.ActiveCfg = Debug|Any CPU
		{E5F6A7B8-C9D0-1234-EF12-345678901234}.Debug|x64.Build.0 = Debug|Any CPU
		{E5F6A7B8-C9D0-1234-EF12-345678901234}.Debug|x86.ActiveCfg = Debug|Any CPU
		{E5F6A7B8-C9D0-1234-EF12-345678901234}.Debug|x86.Build.0 = Debug|Any CPU
		{E5F6A7B8-C9D0-1234-EF12-345678901234}.Release|Any CPU.ActiveCfg = Release|Any CPU
		{E5F6A7B8-C9D0-1234-EF12-345678901234}.Release|Any CPU.Build.0 = Release|Any CPU
		{E5F6A7B8-C9D0-1234-EF12-345678901234}.Release|x64.ActiveCfg = Release|Any CPU
		{E5F6A7B8-C9D0-1234-EF12-345678901234}.Release|x64.Build.0 = Release|Any CPU
		{E5F6A7B8-C9D0-1234-EF12-345678901234}.Release|x86.ActiveCfg = Release|Any CPU
		{E5F6A7B8-C9D0-1234-EF12-345678901234}.Release|x86.Build.0 = Release|Any CPU
		{F6A7B8C9-D0E1-2345-F123-456789012345}.Debug|Any CPU.ActiveCfg = Debug|Any CPU
		{F6A7B8C9-D0E1-2345-F123-456789012345}.Debug|Any CPU.Build.0 = Debug|Any CPU
		{F6A7B8C9-D0E1-2345-F123-456789012345}.Debug|x64.ActiveCfg = Debug|Any CPU
		{F6A7B8C9-D0E1-2345-F123-456789012345}.Debug|x64.Build.0 = Debug|Any CPU
		{F6A7B8C9-D0E1-2345-F123-456789012345}.Debug|x86.ActiveCfg = Debug|Any CPU
		{F6A7B8C9-D0E1-2345-F123-456789012345}.Debug|x86.Build.0 = Debug|Any CPU
		{F6A7B8C9-D0E1-2345-F123-456789012345}.Release|Any CPU.ActiveCfg = Release|Any CPU
		{F6A7B8C9-D0E1-2345-F123-456789012345}.Release|Any CPU.Build.0 = Release|Any CPU
		{F6A7B8C9-D0E1-2345-F123-456789012345}.Release|x64.ActiveCfg = Release|Any CPU
		{F6A7B8C9-D0E1-2345-F123-456789012345}.Release|x64.Build.0 = Release|Any CPU
		{F6A7B8C9-D0E1-2345-F123-456789012345}.Release|x86.ActiveCfg = Release|Any CPU
		{F6A7B8C9-D0E1-2345-F123-456789012345}.Release|x86.Build.0 = Release|Any CPU
		{A7B8C9D0-E1F2-3456-0123-567890123456}.Debug|Any CPU.ActiveCfg = Debug|Any CPU
		{A7B8C9D0-E1F2-3456-0123-567890123456}.Debug|Any CPU.Build.0 = Debug|Any CPU
		{A7B8C9D0-E1F2-3456-0123-567890123456}.Debug|x64.ActiveCfg = Debug|Any CPU
		{A7B8C9D0-E1F2-3456-0123-567890123456}.Debug|x64.Build.0 = Debug|Any CPU
		{A7B8C9D0-E1F2-3456-0123-567890123456}.Debug|x86.ActiveCfg = Debug|Any CPU
		{A7B8C9D0-E1F2-3456-0123-567890123456}.Debug|x86.Build.0 = Debug|Any CPU
		{A7B8C9D0-E1F2-3456-0123-567890123456}.Release|Any CPU.ActiveCfg = Release|Any CPU
		{A7B8C9D0-E1F2-3456-0123-567890123456}.Release|Any CPU.Build.0 = Release|Any CPU
		{A7B8C9D0-E1F2-3456-0123-567890123456}.Release|x64.ActiveCfg = Release|Any CPU
		{A7B8C9D0-E1F2-3456-0123-567890123456}.Release|x64.Build.0 = Release|Any CPU
		{A7B8C9D0-E1F2-3456-0123-567890123456}.Release|x86.ActiveCfg = Release|Any CPU
		{A7B8C9D0-E1F2-3456-0123-567890123456}.Release|x86.Build.0 = Release|Any CPU
		{B8C9D0E1-F2A3-4567-1234-678901234567}.Debug|Any CPU.ActiveCfg = Debug|Any CPU
		{B8C9D0E1-F2A3-4567-1234-678901234567}.Debug|Any CPU.Build.0 = Debug|Any CPU
		{B8C9D0E1-F2A3-4567-1234-678901234567}.Debug|x64.ActiveCfg = Debug|Any CPU
		{B8C9D0E1-F2A3-4567-1234-678901234567}.Debug|x64.Build.0 = Debug|Any CPU
		{B8C9D0E1-F2A3-4567-1234-678901234567}.Debug|x86.ActiveCfg = Debug|Any CPU
		{B8C9D0E1-F2A3-4567-1234-678901234567}.Debug|x86.Build.0 = Debug|Any CPU
		{B8C9D0E1-F2A3-4567-1234-678901234567}.Release|Any CPU.ActiveCfg = Release|Any CPU
		{B8C9D0E1-F2A3-4567-1234-678901234567}.Release|Any CPU.Build.0 = Release|Any CPU
		{B8C9D0E1-F2A3-4567-1234-678901234567}.Release|x64.ActiveCfg = Release|Any CPU
		{B8C9D0E1-F2A3-4567-1234-678901234567}.Release|x64.Build.0 = Release|Any CPU
		{B8C9D0E1-F2A3-4567-1234-678901234567}.Release|x86.ActiveCfg = Release|Any CPU
		{B8C9D0E1-F2A3-4567-1234-678901234567}.Release|x86.Build.0 = Release|Any CPU
		{D0A1B2C3-4D5E-6789-ABCD-0123456789AB}.Debug|Any CPU.ActiveCfg = Debug|Any CPU
		{D0A1B2C3-4D5E-6789-ABCD-0123456789AB}.Debug|Any CPU.Build.0 = Debug|Any CPU
		{D0A1B2C3-4D5E-6789-ABCD-0123456789AB}.Debug|x64.ActiveCfg = Debug|Any CPU
		{D0A1B2C3-4D5E-6789-ABCD-0123456789AB}.Debug|x64.Build.0 = Debug|Any CPU
		{D0A1B2C3-4D5E-6789-ABCD-0123456789AB}.Debug|x86.ActiveCfg = Debug|Any CPU
		{D0A1B2C3-4D5E-6789-ABCD-0123456789AB}.Debug|x86.Build.0 = Debug|Any CPU
		{D0A1B2C3-4D5E-6789-ABCD-0123456789AB}.Release|Any CPU.ActiveCfg = Release|Any CPU
		{D0A1B2C3-4D5E-6789-ABCD-0123456789AB}.Release|Any CPU.Build.0 = Release|Any CPU
		{D0A1B2C3-4D5E-6789-ABCD-0123456789AB}.Release|x64.ActiveCfg = Release|Any CPU
		{D0A1B2C3-4D5E-6789-ABCD-0123456789AB}.Release|x64.Build.0 = Release|Any CPU
		{D0A1B2C3-4D5E-6789-ABCD-0123456789AB}.Release|x86.ActiveCfg = Release|Any CPU
		{D0A1B2C3-4D5E-6789-ABCD-0123456789AB}.Release|x86.Build.0 = Release|Any CPU
		{C9D0E1F2-A3B4-5678-2345-789012345678}.Debug|Any CPU.ActiveCfg = Debug|Any CPU
		{C9D0E1F2-A3B4-5678-2345-789012345678}.Debug|Any CPU.Build.0 = Debug|Any CPU
		{C9D0E1F2-A3B4-5678-2345-789012345678}.Debug|x64.ActiveCfg = Debug|Any CPU
		{C9D0E1F2-A3B4-5678-2345-789012345678}.Debug|x64.Build.0 = Debug|Any CPU
		{C9D0E1F2-A3B4-5678-2345-789012345678}.Debug|x86.ActiveCfg = Debug|Any CPU
		{C9D0E1F2-A3B4-5678-2345-789012345678}.Debug|x86.Build.0 = Debug|Any CPU
		{C9D0E1F2-A3B4-5678-2345-789012345678}.Release|Any CPU.ActiveCfg = Release|Any CPU
		{C9D0E1F2-A3B4-5678-2345-789012345678}.Release|Any CPU.Build.0 = Release|Any CPU
		{C9D0E1F2-A3B4-5678-2345-789012345678}.Release|x64.ActiveCfg = Release|Any CPU
		{C9D0E1F2-A3B4-5678-2345-789012345678}.Release|x64.Build.0 = Release|Any CPU
		{C9D0E1F2-A3B4-5678-2345-789012345678}.Release|x86.ActiveCfg = Release|Any CPU
		{C9D0E1F2-A3B4-5678-2345-789012345678}.Release|x86.Build.0 = Release|Any CPU
		{E1F2A3B4-C5D6-7890-2345-BCDEFABCDEFA}.Debug|Any CPU.ActiveCfg = Debug|Any CPU
		{E1F2A3B4-C5D6-7890-2345-BCDEFABCDEFA}.Debug|Any CPU.Build.0 = Debug|Any CPU
		{E1F2A3B4-C5D6-7890-2345-BCDEFABCDEFA}.Debug|x64.ActiveCfg = Debug|Any CPU
		{E1F2A3B4-C5D6-7890-2345-BCDEFABCDEFA}.Debug|x64.Build.0 = Debug|Any CPU
		{E1F2A3B4-C5D6-7890-2345-BCDEFABCDEFA}.Debug|x86.ActiveCfg = Debug|Any CPU
		{E1F2A3B4-C5D6-7890-2345-BCDEFABCDEFA}.Debug|x86.Build.0 = Debug|Any CPU
		{E1F2A3B4-C5D6-7890-2345-BCDEFABCDEFA}.Release|Any CPU.ActiveCfg = Release|Any CPU
		{E1F2A3B4-C5D6-7890-2345-BCDEFABCDEFA}.Release|Any CPU.Build.0 = Release|Any CPU
		{E1F2A3B4-C5D6-7890-2345-BCDEFABCDEFA}.Release|x64.ActiveCfg = Release|Any CPU
		{E1F2A3B4-C5D6-7890-2345-BCDEFABCDEFA}.Release|x64.Build.0 = Release|Any CPU
		{E1F2A3B4-C5D6-7890-2345-BCDEFABCDEFA}.Release|x86.ActiveCfg = Release|Any CPU
		{E1F2A3B4-C5D6-7890-2345-BCDEFABCDEFA}.Release|x86.Build.0 = Release|Any CPU
		{F2A3B4C5-D6E7-8901-3456-CDEFABCDEFAB}.Debug|Any CPU.ActiveCfg = Debug|Any CPU
		{F2A3B4C5-D6E7-8901-3456-CDEFABCDEFAB}.Debug|Any CPU.Build.0 = Debug|Any CPU
		{F2A3B4C5-D6E7-8901-3456-CDEFABCDEFAB}.Debug|x64.ActiveCfg = Debug|Any CPU
		{F2A3B4C5-D6E7-8901-3456-CDEFABCDEFAB}.Debug|x64.Build.0 = Debug|Any CPU
		{F2A3B4C5-D6E7-8901-3456-CDEFABCDEFAB}.Debug|x86.ActiveCfg = Debug|Any CPU
		{F2A3B4C5-D6E7-8901-3456-CDEFABCDEFAB}.Debug|x86.Build.0 = Debug|Any CPU
		{F2A3B4C5-D6E7-8901-3456-CDEFABCDEFAB}.Release|Any CPU.ActiveCfg = Release|Any CPU
		{F2A3B4C5-D6E7-8901-3456-CDEFABCDEFAB}.Release|Any CPU.Build.0 = Release|Any CPU
		{F2A3B4C5-D6E7-8901-3456-CDEFABCDEFAB}.Release|x64.ActiveCfg = Release|Any CPU
		{F2A3B4C5-D6E7-8901-3456-CDEFABCDEFAB}.Release|x64.Build.0 = Release|Any CPU
		{F2A3B4C5-D6E7-8901-3456-CDEFABCDEFAB}.Release|x86.ActiveCfg = Release|Any CPU
		{F2A3B4C5-D6E7-8901-3456-CDEFABCDEFAB}.Release|x86.Build.0 = Release|Any CPU
		{A3B4C5D6-E7F8-9012-4567-ABCDEF012345}.Debug|Any CPU.ActiveCfg = Debug|Any CPU
		{A3B4C5D6-E7F8-9012-4567-ABCDEF012345}.Debug|Any CPU.Build.0 = Debug|Any CPU
		{A3B4C5D6-E7F8-9012-4567-ABCDEF012345}.Debug|x64.ActiveCfg = Debug|Any CPU
		{A3B4C5D6-E7F8-9012-4567-ABCDEF012345}.Debug|x64.Build.0 = Debug|Any CPU
		{A3B4C5D6-E7F8-9012-4567-ABCDEF012345}.Debug|x86.ActiveCfg = Debug|Any CPU
		{A3B4C5D6-E7F8-9012-4567-ABCDEF012345}.Debug|x86.Build.0 = Debug|Any CPU
		{A3B4C5D6-E7F8-9012-4567-ABCDEF012345}.Release|Any CPU.ActiveCfg = Release|Any CPU
		{A3B4C5D6-E7F8-9012-4567-ABCDEF012345}.Release|Any CPU.Build.0 = Release|Any CPU
		{A3B4C5D6-E7F8-9012-4567-ABCDEF012345}.Release|x64.ActiveCfg = Release|Any CPU
		{A3B4C5D6-E7F8-9012-4567-ABCDEF012345}.Release|x64.Build.0 = Release|Any CPU
		{A3B4C5D6-E7F8-9012-4567-ABCDEF012345}.Release|x86.ActiveCfg = Release|Any CPU
		{A3B4C5D6-E7F8-9012-4567-ABCDEF012345}.Release|x86.Build.0 = Release|Any CPU
		{697C52A9-B321-41DE-BED8-EDC9A8624A8F}.Debug|Any CPU.ActiveCfg = Debug|Any CPU
		{697C52A9-B321-41DE-BED8-EDC9A8624A8F}.Debug|Any CPU.Build.0 = Debug|Any CPU
		{697C52A9-B321-41DE-BED8-EDC9A8624A8F}.Debug|x64.ActiveCfg = Debug|Any CPU
		{697C52A9-B321-41DE-BED8-EDC9A8624A8F}.Debug|x64.Build.0 = Debug|Any CPU
		{697C52A9-B321-41DE-BED8-EDC9A8624A8F}.Debug|x86.ActiveCfg = Debug|Any CPU
		{697C52A9-B321-41DE-BED8-EDC9A8624A8F}.Debug|x86.Build.0 = Debug|Any CPU
		{697C52A9-B321-41DE-BED8-EDC9A8624A8F}.Release|Any CPU.ActiveCfg = Release|Any CPU
		{697C52A9-B321-41DE-BED8-EDC9A8624A8F}.Release|Any CPU.Build.0 = Release|Any CPU
		{697C52A9-B321-41DE-BED8-EDC9A8624A8F}.Release|x64.ActiveCfg = Release|Any CPU
		{697C52A9-B321-41DE-BED8-EDC9A8624A8F}.Release|x64.Build.0 = Release|Any CPU
		{697C52A9-B321-41DE-BED8-EDC9A8624A8F}.Release|x86.ActiveCfg = Release|Any CPU
		{697C52A9-B321-41DE-BED8-EDC9A8624A8F}.Release|x86.Build.0 = Release|Any CPU
		{414A33BA-7F13-4B94-A26E-F002A7772EF9}.Debug|Any CPU.ActiveCfg = Debug|Any CPU
		{414A33BA-7F13-4B94-A26E-F002A7772EF9}.Debug|Any CPU.Build.0 = Debug|Any CPU
		{414A33BA-7F13-4B94-A26E-F002A7772EF9}.Debug|x64.ActiveCfg = Debug|Any CPU
		{414A33BA-7F13-4B94-A26E-F002A7772EF9}.Debug|x64.Build.0 = Debug|Any CPU
		{414A33BA-7F13-4B94-A26E-F002A7772EF9}.Debug|x86.ActiveCfg = Debug|Any CPU
		{414A33BA-7F13-4B94-A26E-F002A7772EF9}.Debug|x86.Build.0 = Debug|Any CPU
		{414A33BA-7F13-4B94-A26E-F002A7772EF9}.Release|Any CPU.ActiveCfg = Release|Any CPU
		{414A33BA-7F13-4B94-A26E-F002A7772EF9}.Release|Any CPU.Build.0 = Release|Any CPU
		{414A33BA-7F13-4B94-A26E-F002A7772EF9}.Release|x64.ActiveCfg = Release|Any CPU
		{414A33BA-7F13-4B94-A26E-F002A7772EF9}.Release|x64.Build.0 = Release|Any CPU
		{414A33BA-7F13-4B94-A26E-F002A7772EF9}.Release|x86.ActiveCfg = Release|Any CPU
		{414A33BA-7F13-4B94-A26E-F002A7772EF9}.Release|x86.Build.0 = Release|Any CPU
		{75CD09D1-1ED7-4C6E-BDFF-93342ED66793}.Debug|Any CPU.ActiveCfg = Debug|Any CPU
		{75CD09D1-1ED7-4C6E-BDFF-93342ED66793}.Debug|Any CPU.Build.0 = Debug|Any CPU
		{75CD09D1-1ED7-4C6E-BDFF-93342ED66793}.Debug|x64.ActiveCfg = Debug|Any CPU
		{75CD09D1-1ED7-4C6E-BDFF-93342ED66793}.Debug|x64.Build.0 = Debug|Any CPU
		{75CD09D1-1ED7-4C6E-BDFF-93342ED66793}.Debug|x86.ActiveCfg = Debug|Any CPU
		{75CD09D1-1ED7-4C6E-BDFF-93342ED66793}.Debug|x86.Build.0 = Debug|Any CPU
		{75CD09D1-1ED7-4C6E-BDFF-93342ED66793}.Release|Any CPU.ActiveCfg = Release|Any CPU
		{75CD09D1-1ED7-4C6E-BDFF-93342ED66793}.Release|Any CPU.Build.0 = Release|Any CPU
		{75CD09D1-1ED7-4C6E-BDFF-93342ED66793}.Release|x64.ActiveCfg = Release|Any CPU
		{75CD09D1-1ED7-4C6E-BDFF-93342ED66793}.Release|x64.Build.0 = Release|Any CPU
		{75CD09D1-1ED7-4C6E-BDFF-93342ED66793}.Release|x86.ActiveCfg = Release|Any CPU
		{75CD09D1-1ED7-4C6E-BDFF-93342ED66793}.Release|x86.Build.0 = Release|Any CPU
		{38AC8F52-DC4C-4849-81A3-34CC54DDDD1C}.Debug|Any CPU.ActiveCfg = Debug|Any CPU
		{38AC8F52-DC4C-4849-81A3-34CC54DDDD1C}.Debug|Any CPU.Build.0 = Debug|Any CPU
		{38AC8F52-DC4C-4849-81A3-34CC54DDDD1C}.Debug|x64.ActiveCfg = Debug|Any CPU
		{38AC8F52-DC4C-4849-81A3-34CC54DDDD1C}.Debug|x64.Build.0 = Debug|Any CPU
		{38AC8F52-DC4C-4849-81A3-34CC54DDDD1C}.Debug|x86.ActiveCfg = Debug|Any CPU
		{38AC8F52-DC4C-4849-81A3-34CC54DDDD1C}.Debug|x86.Build.0 = Debug|Any CPU
		{38AC8F52-DC4C-4849-81A3-34CC54DDDD1C}.Release|Any CPU.ActiveCfg = Release|Any CPU
		{38AC8F52-DC4C-4849-81A3-34CC54DDDD1C}.Release|Any CPU.Build.0 = Release|Any CPU
		{38AC8F52-DC4C-4849-81A3-34CC54DDDD1C}.Release|x64.ActiveCfg = Release|Any CPU
		{38AC8F52-DC4C-4849-81A3-34CC54DDDD1C}.Release|x64.Build.0 = Release|Any CPU
		{38AC8F52-DC4C-4849-81A3-34CC54DDDD1C}.Release|x86.ActiveCfg = Release|Any CPU
		{38AC8F52-DC4C-4849-81A3-34CC54DDDD1C}.Release|x86.Build.0 = Release|Any CPU
	EndGlobalSection
	GlobalSection(SolutionProperties) = preSolution
		HideSolutionNode = FALSE
	EndGlobalSection
	GlobalSection(NestedProjects) = preSolution
		{C3D4E5F6-A7B8-9012-CDEF-123456789012} = {A1B2C3D4-E5F6-7890-ABCD-EF1234567890}
		{D4E5F6A7-B8C9-0123-DEF1-234567890123} = {A1B2C3D4-E5F6-7890-ABCD-EF1234567890}
		{E5F6A7B8-C9D0-1234-EF12-345678901234} = {A1B2C3D4-E5F6-7890-ABCD-EF1234567890}
		{F6A7B8C9-D0E1-2345-F123-456789012345} = {A1B2C3D4-E5F6-7890-ABCD-EF1234567890}
		{A7B8C9D0-E1F2-3456-0123-567890123456} = {A1B2C3D4-E5F6-7890-ABCD-EF1234567890}
		{B8C9D0E1-F2A3-4567-1234-678901234567} = {A1B2C3D4-E5F6-7890-ABCD-EF1234567890}
		{D0A1B2C3-4D5E-6789-ABCD-0123456789AB} = {A1B2C3D4-E5F6-7890-ABCD-EF1234567890}
		{C9D0E1F2-A3B4-5678-2345-789012345678} = {B2C3D4E5-F6A7-8901-BCDE-F12345678901}
		{E1F2A3B4-C5D6-7890-2345-BCDEFABCDEFA} = {D1E2F3A4-B5C6-7890-1234-ABCDEFABCDEF}
		{F2A3B4C5-D6E7-8901-3456-CDEFABCDEFAB} = {D1E2F3A4-B5C6-7890-1234-ABCDEFABCDEF}
		{A3B4C5D6-E7F8-9012-4567-ABCDEF012345} = {D1E2F3A4-B5C6-7890-1234-ABCDEFABCDEF}
		{697C52A9-B321-41DE-BED8-EDC9A8624A8F} = {A1B2C3D4-E5F6-7890-ABCD-EF1234567890}
		{414A33BA-7F13-4B94-A26E-F002A7772EF9} = {A1B2C3D4-E5F6-7890-ABCD-EF1234567890}
		{75CD09D1-1ED7-4C6E-BDFF-93342ED66793} = {B2C3D4E5-F6A7-8901-BCDE-F12345678901}
		{38AC8F52-DC4C-4849-81A3-34CC54DDDD1C} = {A1B2C3D4-E5F6-7890-ABCD-EF1234567890}
	EndGlobalSection
EndGlobal
